PODS:
  - Flutter (1.0.0)
  - iProov (8.1.1):
    - Socket.IO-Client-Swift (~> 15.2)
  - jumio_mobile_sdk_flutter (3.8.0):
    - Flutter
    - JumioMobileSDK (= 3.8.0)
  - JumioMobileSDK (3.8.0):
    - JumioMobileSDK/JumioMobileSDK (= 3.8.0)
  - JumioMobileSDK/JumioMobileSDK (3.8.0):
    - iProov (= 8.1.1)
  - Socket.IO-Client-Swift (15.2.0):
    - Starscream (~> 3.1)
  - Starscream (3.1.1)

DEPENDENCIES:
  - Flutter (from `Flutter`)
  - jumio_mobile_sdk_flutter (from `.symlinks/plugins/jumio_mobile_sdk_flutter/ios`)

SPEC REPOS:
  trunk:
    - iProov
    - JumioMobileSDK
    - Socket.IO-Client-Swift
    - Starscream

EXTERNAL SOURCES:
  Flutter:
    :path: Flutter
  jumio_mobile_sdk_flutter:
    :path: ".symlinks/plugins/jumio_mobile_sdk_flutter/ios"

SPEC CHECKSUMS:
  Flutter: 0e3d915762c693b495b44d77113d4970485de6ec
  iProov: 5cefb12ff4890c260f190d6e2426737ab389eb79
  jumio_mobile_sdk_flutter: a911f0cebfd99c547a3754bef8a1f8e16bca6b0a
  JumioMobileSDK: c686a7afd079218163810d29031adac0b5e602b1
  Socket.IO-Client-Swift: 1e3e3a1f09f3312a167f0d781eb2f383d477357c
  Starscream: 4bb2f9942274833f7b4d296a55504dcfc7edb7b0

PODFILE CHECKSUM: f98b40307341e12b160260f07db11cda9e1697c8

COCOAPODS: 1.10.1
